
Microsoft Visual Studio Solution File, Format Version 12.00
# Visual Studio 15
VisualStudioVersion = 15.0.28010.2041
MinimumVisualStudioVersion = 10.0.40219.1
Project("{9A19103F-16F7-4668-BE54-9A1E7A4F7556}") = "Shipping.EndPoint", "Shipping.EndPoint\Shipping.EndPoint.csproj", "{2241742D-D91B-4B5E-9C89-AAB736BE910B}"
EndProject
Project("{9A19103F-16F7-4668-BE54-9A1E7A4F7556}") = "Shipping.Contracts", "Shipping.Contracts\Shipping.Contracts.csproj", "{11DF0CB2-743D-4009-82D9-D937BC395CC4}"
EndProject
Project("{9A19103F-16F7-4668-BE54-9A1E7A4F7556}") = "Sales.Contracts", "Sales.Contracts\Sales.Contracts.csproj", "{AA740857-D4E0-4B7D-AC98-3102F6D5CC04}"
EndProject
Project("{9A19103F-16F7-4668-BE54-9A1E7A4F7556}") = "Billing.Contracts", "Billing.Contracts\Billing.Contracts.csproj", "{99AEEB50-AA50-4185-8D8E-D4B2102D9C3B}"
EndProject
Global
	GlobalSection(SolutionConfigurationPlatforms) = preSolution
		Debug|Any CPU = Debug|Any CPU
		Release|Any CPU = Release|Any CPU
	EndGlobalSection
	GlobalSection(ProjectConfigurationPlatforms) = postSolution
		{2241742D-D91B-4B5E-9C89-AAB736BE910B}.Debug|Any CPU.ActiveCfg = Debug|Any CPU
		{2241742D-D91B-4B5E-9C89-AAB736BE910B}.Debug|Any CPU.Build.0 = Debug|Any CPU
		{2241742D-D91B-4B5E-9C89-AAB736BE910B}.Release|Any CPU.ActiveCfg = Release|Any CPU
		{2241742D-D91B-4B5E-9C89-AAB736BE910B}.Release|Any CPU.Build.0 = Release|Any CPU
		{11DF0CB2-743D-4009-82D9-D937BC395CC4}.Debug|Any CPU.ActiveCfg = Debug|Any CPU
		{11DF0CB2-743D-4009-82D9-D937BC395CC4}.Debug|Any CPU.Build.0 = Debug|Any CPU
		{11DF0CB2-743D-4009-82D9-D937BC395CC4}.Release|Any CPU.ActiveCfg = Release|Any CPU
		{11DF0CB2-743D-4009-82D9-D937BC395CC4}.Release|Any CPU.Build.0 = Release|Any CPU
		{AA740857-D4E0-4B7D-AC98-3102F6D5CC04}.Debug|Any CPU.ActiveCfg = Debug|Any CPU
		{AA740857-D4E0-4B7D-AC98-3102F6D5CC04}.Debug|Any CPU.Build.0 = Debug|Any CPU
		{AA740857-D4E0-4B7D-AC98-3102F6D5CC04}.Release|Any CPU.ActiveCfg = Release|Any CPU
		{AA740857-D4E0-4B7D-AC98-3102F6D5CC04}.Release|Any CPU.Build.0 = Release|Any CPU
		{99AEEB50-AA50-4185-8D8E-D4B2102D9C3B}.Debug|Any CPU.ActiveCfg = Debug|Any CPU
		{99AEEB50-AA50-4185-8D8E-D4B2102D9C3B}.Debug|Any CPU.Build.0 = Debug|Any CPU
		{99AEEB50-AA50-4185-8D8E-D4B2102D9C3B}.Release|Any CPU.ActiveCfg = Release|Any CPU
		{99AEEB50-AA50-4185-8D8E-D4B2102D9C3B}.Release|Any CPU.Build.0 = Release|Any CPU
	EndGlobalSection
	GlobalSection(SolutionProperties) = preSolution
		HideSolutionNode = FALSE
	EndGlobalSection
	GlobalSection(ExtensibilityGlobals) = postSolution
		SolutionGuid = {F148D27D-829D-4D7B-B3A2-1B8FCD095CA4}
	EndGlobalSection
EndGlobal
